
Microsoft Visual Studio Solution File, Format Version 12.00
# Visual Studio Version 16
Project("{2150E333-8FDC-42A3-9474-1A3956D46DE8}") = "src", "src", "{B02F7132-95D7-4927-83EA-25DCC310D1F7}"
EndProject
Project("{FAE04EC0-301F-11D3-BF4B-00C04F79EFBC}") = "Domain", "src\Domain\Domain.csproj", "{54ACA564-AD94-4BB0-9995-534CECE24E76}"
EndProject
Project("{FAE04EC0-301F-11D3-BF4B-00C04F79EFBC}") = "Application", "src\Application\Application.csproj", "{6AE0C3F1-6E19-4E30-A7A1-5FA662D8D7D9}"
EndProject
Project("{FAE04EC0-301F-11D3-BF4B-00C04F79EFBC}") = "Infrastructure", "src\Infrastructure\Infrastructure.csproj", "{99A57EE6-8E48-4222-BACE-E80F6D85D647}"
EndProject
Project("{FAE04EC0-301F-11D3-BF4B-00C04F79EFBC}") = "WebUI", "src\WebUI\WebUI.csproj", "{56AF8929-AA80-4FE0-914F-2F461CE9541A}"
EndProject
Project("{2150E333-8FDC-42A3-9474-1A3956D46DE8}") = "tests", "tests", "{AFD04694-FAAC-49B2-B33E-42974DDB3C83}"
EndProject
Project("{FAE04EC0-301F-11D3-BF4B-00C04F79EFBC}") = "Application.UnitTests", "tests\Application.UnitTests\Application.UnitTests.csproj", "{2BF5594A-97B2-4A0C-A92A-C35455C48F06}"
EndProject
Project("{FAE04EC0-301F-11D3-BF4B-00C04F79EFBC}") = "Domain.UnitTests", "tests\Domain.UnitTests\Domain.UnitTests.csproj", "{CA199618-7DB8-4088-8BBF-A4B0C80B9DB7}"
EndProject
Global
	GlobalSection(SolutionConfigurationPlatforms) = preSolution
		Debug|Any CPU = Debug|Any CPU
		Release|Any CPU = Release|Any CPU
	EndGlobalSection
	GlobalSection(ProjectConfigurationPlatforms) = postSolution
		{54ACA564-AD94-4BB0-9995-534CECE24E76}.Debug|Any CPU.ActiveCfg = Debug|Any CPU
		{54ACA564-AD94-4BB0-9995-534CECE24E76}.Debug|Any CPU.Build.0 = Debug|Any CPU
		{54ACA564-AD94-4BB0-9995-534CECE24E76}.Release|Any CPU.ActiveCfg = Release|Any CPU
		{54ACA564-AD94-4BB0-9995-534CECE24E76}.Release|Any CPU.Build.0 = Release|Any CPU
		{6AE0C3F1-6E19-4E30-A7A1-5FA662D8D7D9}.Debug|Any CPU.ActiveCfg = Debug|Any CPU
		{6AE0C3F1-6E19-4E30-A7A1-5FA662D8D7D9}.Debug|Any CPU.Build.0 = Debug|Any CPU
		{6AE0C3F1-6E19-4E30-A7A1-5FA662D8D7D9}.Release|Any CPU.ActiveCfg = Release|Any CPU
		{6AE0C3F1-6E19-4E30-A7A1-5FA662D8D7D9}.Release|Any CPU.Build.0 = Release|Any CPU
		{99A57EE6-8E48-4222-BACE-E80F6D85D647}.Debug|Any CPU.ActiveCfg = Debug|Any CPU
		{99A57EE6-8E48-4222-BACE-E80F6D85D647}.Debug|Any CPU.Build.0 = Debug|Any CPU
		{99A57EE6-8E48-4222-BACE-E80F6D85D647}.Release|Any CPU.ActiveCfg = Release|Any CPU
		{99A57EE6-8E48-4222-BACE-E80F6D85D647}.Release|Any CPU.Build.0 = Release|Any CPU
		{56AF8929-AA80-4FE0-914F-2F461CE9541A}.Debug|Any CPU.ActiveCfg = Debug|Any CPU
		{56AF8929-AA80-4FE0-914F-2F461CE9541A}.Debug|Any CPU.Build.0 = Debug|Any CPU
		{56AF8929-AA80-4FE0-914F-2F461CE9541A}.Release|Any CPU.ActiveCfg = Release|Any CPU
		{56AF8929-AA80-4FE0-914F-2F461CE9541A}.Release|Any CPU.Build.0 = Release|Any CPU
		{2BF5594A-97B2-4A0C-A92A-C35455C48F06}.Debug|Any CPU.ActiveCfg = Debug|Any CPU
		{2BF5594A-97B2-4A0C-A92A-C35455C48F06}.Debug|Any CPU.Build.0 = Debug|Any CPU
		{2BF5594A-97B2-4A0C-A92A-C35455C48F06}.Release|Any CPU.ActiveCfg = Release|Any CPU
		{2BF5594A-97B2-4A0C-A92A-C35455C48F06}.Release|Any CPU.Build.0 = Release|Any CPU
		{CA199618-7DB8-4088-8BBF-A4B0C80B9DB7}.Debug|Any CPU.ActiveCfg = Debug|Any CPU
		{CA199618-7DB8-4088-8BBF-A4B0C80B9DB7}.Debug|Any CPU.Build.0 = Debug|Any CPU
		{CA199618-7DB8-4088-8BBF-A4B0C80B9DB7}.Release|Any CPU.ActiveCfg = Release|Any CPU
		{CA199618-7DB8-4088-8BBF-A4B0C80B9DB7}.Release|Any CPU.Build.0 = Release|Any CPU
	EndGlobalSection
	GlobalSection(NestedProjects) = preSolution
		{54ACA564-AD94-4BB0-9995-534CECE24E76} = {B02F7132-95D7-4927-83EA-25DCC310D1F7}
		{6AE0C3F1-6E19-4E30-A7A1-5FA662D8D7D9} = {B02F7132-95D7-4927-83EA-25DCC310D1F7}
		{99A57EE6-8E48-4222-BACE-E80F6D85D647} = {B02F7132-95D7-4927-83EA-25DCC310D1F7}
		{56AF8929-AA80-4FE0-914F-2F461CE9541A} = {B02F7132-95D7-4927-83EA-25DCC310D1F7}
		{2BF5594A-97B2-4A0C-A92A-C35455C48F06} = {AFD04694-FAAC-49B2-B33E-42974DDB3C83}
		{CA199618-7DB8-4088-8BBF-A4B0C80B9DB7} = {AFD04694-FAAC-49B2-B33E-42974DDB3C83}
	EndGlobalSection
EndGlobal
